// !$*UTF8*$!
{
	archiveVersion = 1;
	classes = {
	};
	objectVersion = 46;
	objects = {

/* Begin PBXBuildFile section */
		272326E31A39D3420014323E /* main.m in Sources */ = {isa = PBXBuildFile; fileRef = 272326E21A39D3420014323E /* main.m */; };
		272326E61A39D3420014323E /* AppDelegate.m in Sources */ = {isa = PBXBuildFile; fileRef = 272326E51A39D3420014323E /* AppDelegate.m */; };
		272326EE1A39D3420014323E /* Images.xcassets in Resources */ = {isa = PBXBuildFile; fileRef = 272326ED1A39D3420014323E /* Images.xcassets */; };
		272326FD1A39D3420014323E /* Blog_ReaderTests.m in Sources */ = {isa = PBXBuildFile; fileRef = 272326FC1A39D3420014323E /* Blog_ReaderTests.m */; };
/* End PBXBuildFile section */

/* Begin PBXContainerItemProxy section */
		272326F71A39D3420014323E /* PBXContainerItemProxy */ = {
			isa = PBXContainerItemProxy;
			containerPortal = 272326D51A39D3420014323E /* Project object */;
			proxyType = 1;
			remoteGlobalIDString = 272326DC1A39D3420014323E;
			remoteInfo = "Blog Reader";
		};
/* End PBXContainerItemProxy section */

/* Begin PBXFileReference section */
		272326DD1A39D3420014323E /* Blog Reader.app */ = {isa = PBXFileReference; explicitFileType = wrapper.application; includeInIndex = 0; path = "Blog Reader.app"; sourceTree = BUILT_PRODUCTS_DIR; };
		272326E11A39D3420014323E /* Info.plist */ = {isa = PBXFileReference; lastKnownFileType = text.plist.xml; path = Info.plist; sourceTree = "<group>"; };
		272326E21A39D3420014323E /* main.m */ = {isa = PBXFileReference; lastKnownFileType = sourcecode.c.objc; path = main.m; sourceTree = "<group>"; };
		272326E41A39D3420014323E /* AppDelegate.h */ = {isa = PBXFileReference; lastKnownFileType = sourcecode.c.h; path = AppDelegate.h; sourceTree = "<group>"; };
		272326E51A39D3420014323E /* AppDelegate.m */ = {isa = PBXFileReference; lastKnownFileType = sourcecode.c.objc; path = AppDelegate.m; sourceTree = "<group>"; };
		272326ED1A39D3420014323E /* Images.xcassets */ = {isa = PBXFileReference; lastKnownFileType = folder.assetcatalog; path = Images.xcassets; sourceTree = "<group>"; };
		272326F61A39D3420014323E /* Blog ReaderTests.xctest */ = {isa = PBXFileReference; explicitFileType = wrapper.cfbundle; includeInIndex = 0; path = "Blog ReaderTests.xctest"; sourceTree = BUILT_PRODUCTS_DIR; };
		272326FB1A39D3420014323E /* Info.plist */ = {isa = PBXFileReference; lastKnownFileType = text.plist.xml; path = Info.plist; sourceTree = "<group>"; };
		272326FC1A39D3420014323E /* Blog_ReaderTests.m */ = {isa = PBXFileReference; lastKnownFileType = sourcecode.c.objc; path = Blog_ReaderTests.m; sourceTree = "<group>"; };
/* End PBXFileReference section */

/* Begin PBXFrameworksBuildPhase section */
		272326DA1A39D3420014323E /* Frameworks */ = {
			isa = PBXFrameworksBuildPhase;
			buildActionMask = 2147483647;
			files = (
			);
			runOnlyForDeploymentPostprocessing = 0;
		};
		272326F31A39D3420014323E /* Frameworks */ = {
			isa = PBXFrameworksBuildPhase;
			buildActionMask = 2147483647;
			files = (
			);
			runOnlyForDeploymentPostprocessing = 0;
		};
/* End PBXFrameworksBuildPhase section */

/* Begin PBXGroup section */
		272326D41A39D3420014323E = {
			isa = PBXGroup;
			children = (
				272326DF1A39D3420014323E /* Blog Reader */,
				272326F91A39D3420014323E /* Blog ReaderTests */,
				272326DE1A39D3420014323E /* Products */,
			);
			sourceTree = "<group>";
		};
		272326DE1A39D3420014323E /* Products */ = {
			isa = PBXGroup;
			children = (
				272326DD1A39D3420014323E /* Blog Reader.app */,
				272326F61A39D3420014323E /* Blog ReaderTests.xctest */,
			);
			name = Products;
			sourceTree = "<group>";
		};
		272326DF1A39D3420014323E /* Blog Reader */ = {
			isa = PBXGroup;
			children = (
				272326E41A39D3420014323E /* AppDelegate.h */,
				272326E51A39D3420014323E /* AppDelegate.m */,
				272326ED1A39D3420014323E /* Images.xcassets */,
				272326E01A39D3420014323E /* Supporting Files */,
			);
			path = "Blog Reader";
			sourceTree = "<group>";
		};
		272326E01A39D3420014323E /* Supporting Files */ = {
			isa = PBXGroup;
			children = (
				272326E11A39D3420014323E /* Info.plist */,
				272326E21A39D3420014323E /* main.m */,
			);
			name = "Supporting Files";
			sourceTree = "<group>";
		};
		272326F91A39D3420014323E /* Blog ReaderTests */ = {
			isa = PBXGroup;
			children = (
				272326FC1A39D3420014323E /* Blog_ReaderTests.m */,
				272326FA1A39D3420014323E /* Supporting Files */,
			);
			path = "Blog ReaderTests";
			sourceTree = "<group>";
		};
		272326FA1A39D3420014323E /* Supporting Files */ = {
			isa = PBXGroup;
			children = (
				272326FB1A39D3420014323E /* Info.plist */,
			);
			name = "Supporting Files";
			sourceTree = "<group>";
		};
/* End PBXGroup section */

/* Begin PBXNativeTarget section */
		272326DC1A39D3420014323E /* Blog Reader */ = {
			isa = PBXNativeTarget;
			buildConfigurationList = 272327001A39D3420014323E /* Build configuration list for PBXNativeTarget "Blog Reader" */;
			buildPhases = (
				272326D91A39D3420014323E /* Sources */,
				272326DA1A39D3420014323E /* Frameworks */,
				272326DB1A39D3420014323E /* Resources */,
			);
			buildRules = (
			);
			dependencies = (
			);
			name = "Blog Reader";
			productName = "Blog Reader";
			productReference = 272326DD1A39D3420014323E /* Blog Reader.app */;
			productType = "com.apple.product-type.application";
		};
		272326F51A39D3420014323E /* Blog ReaderTests */ = {
			isa = PBXNativeTarget;
			buildConfigurationList = 272327031A39D3420014323E /* Build configuration list for PBXNativeTarget "Blog ReaderTests" */;
			buildPhases = (
				272326F21A39D3420014323E /* Sources */,
				272326F31A39D3420014323E /* Frameworks */,
				272326F41A39D3420014323E /* Resources */,
			);
			buildRules = (
			);
			dependencies = (
				272326F81A39D3420014323E /* PBXTargetDependency */,
			);
			name = "Blog ReaderTests";
			productName = "Blog ReaderTests";
			productReference = 272326F61A39D3420014323E /* Blog ReaderTests.xctest */;
			productType = "com.apple.product-type.bundle.unit-test";
		};
/* End PBXNativeTarget section */

/* Begin PBXProject section */
		272326D51A39D3420014323E /* Project object */ = {
			isa = PBXProject;
			attributes = {
				LastUpgradeCheck = 0610;
				ORGANIZATIONNAME = "Michael Schubert";
				TargetAttributes = {
					272326DC1A39D3420014323E = {
						CreatedOnToolsVersion = 6.1.1;
					};
					272326F51A39D3420014323E = {
						CreatedOnToolsVersion = 6.1.1;
						TestTargetID = 272326DC1A39D3420014323E;
					};
				};
			};
			buildConfigurationList = 272326D81A39D3420014323E /* Build configuration list for PBXProject "Blog Reader" */;
			compatibilityVersion = "Xcode 3.2";
			developmentRegion = English;
			hasScannedForEncodings = 0;
			knownRegions = (
				en,
				Base,
			);
			mainGroup = 272326D41A39D3420014323E;
			productRefGroup = 272326DE1A39D3420014323E /* Products */;
			projectDirPath = "";
			projectRoot = "";
			targets = (
				272326DC1A39D3420014323E /* Blog Reader */,
				272326F51A39D3420014323E /* Blog ReaderTests */,
			);
		};
/* End PBXProject section */

/* Begin PBXResourcesBuildPhase section */
		272326DB1A39D3420014323E /* Resources */ = {
			isa = PBXResourcesBuildPhase;
			buildActionMask = 2147483647;
			files = (
				272326EE1A39D3420014323E /* Images.xcassets in Resources */,
			);
			runOnlyForDeploymentPostprocessing = 0;
		};
		272326F41A39D3420014323E /* Resources */ = {
			isa = PBXResourcesBuildPhase;
			buildActionMask = 2147483647;
			files = (
			);
			runOnlyForDeploymentPostprocessing = 0;
		};
/* End PBXResourcesBuildPhase section */

/* Begin PBXSourcesBuildPhase section */
		272326D91A39D3420014323E /* Sources */ = {
			isa = PBXSourcesBuildPhase;
			buildActionMask = 2147483647;
			files = (
				272326E61A39D3420014323E /* AppDelegate.m in Sources */,
				272326E31A39D3420014323E /* main.m in Sources */,
			);
			runOnlyForDeploymentPostprocessing = 0;
		};
		272326F21A39D3420014323E /* Sources */ = {
			isa = PBXSourcesBuildPhase;
			buildActionMask = 2147483647;
			files = (
				272326FD1A39D3420014323E /* Blog_ReaderTests.m in Sources */,
			);
			runOnlyForDeploymentPostprocessing = 0;
		};
/* End PBXSourcesBuildPhase section */

/* Begin PBXTargetDependency section */
		272326F81A39D3420014323E /* PBXTargetDependency */ = {
			isa = PBXTargetDependency;
			target = 272326DC1A39D3420014323E /* Blog Reader */;
			targetProxy = 272326F71A39D3420014323E /* PBXContainerItemProxy */;
		};
/* End PBXTargetDependency section */

/* Begin XCBuildConfiguration section */
		272326FE1A39D3420014323E /* Debug */ = {
			isa = XCBuildConfiguration;
			buildSettings = {
				ALWAYS_SEARCH_USER_PATHS = NO;
				CLANG_CXX_LANGUAGE_STANDARD = "gnu++0x";
				CLANG_CXX_LIBRARY = "libc++";
				CLANG_ENABLE_MODULES = YES;
				CLANG_ENABLE_OBJC_ARC = YES;
				CLANG_WARN_BOOL_CONVERSION = YES;
				CLANG_WARN_CONSTANT_CONVERSION = YES;
				CLANG_WARN_DIRECT_OBJC_ISA_USAGE = YES_ERROR;
				CLANG_WARN_EMPTY_BODY = YES;
				CLANG_WARN_ENUM_CONVERSION = YES;
				CLANG_WARN_INT_CONVERSION = YES;
				CLANG_WARN_OBJC_ROOT_CLASS = YES_ERROR;
				CLANG_WARN_UNREACHABLE_CODE = YES;
				CLANG_WARN__DUPLICATE_METHOD_MATCH = YES;
				"CODE_SIGN_IDENTITY[sdk=iphoneos*]" = "iPhone Developer";
				COPY_PHASE_STRIP = NO;
				ENABLE_STRICT_OBJC_MSGSEND = YES;
				GCC_C_LANGUAGE_STANDARD = gnu99;
				GCC_DYNAMIC_NO_PIC = NO;
				GCC_OPTIMIZATION_LEVEL = 0;
				GCC_PREPROCESSOR_DEFINITIONS = (
					"DEBUG=1",
					"$(inherited)",
				);
				GCC_SYMBOLS_PRIVATE_EXTERN = NO;
				GCC_WARN_64_TO_32_BIT_CONVERSION = YES;
				GCC_WARN_ABOUT_RETURN_TYPE = YES_ERROR;
				GCC_WARN_UNDECLARED_SELECTOR = YES;
				GCC_WARN_UNINITIALIZED_AUTOS = YES_AGGRESSIVE;
				GCC_WARN_UNUSED_FUNCTION = YES;
				GCC_WARN_UNUSED_VARIABLE = YES;
				IPHONEOS_DEPLOYMENT_TARGET = 8.1;
				MTL_ENABLE_DEBUG_INFO = YES;
				ONLY_ACTIVE_ARCH = YES;
				SDKROOT = iphoneos;
			};
			name = Debug;
		};
		272326FF1A39D3420014323E /* Release */ = {
			isa = XCBuildConfiguration;
			buildSettings = {
				ALWAYS_SEARCH_USER_PATHS = NO;
				CLANG_CXX_LANGUAGE_STANDARD = "gnu++0x";
				CLANG_CXX_LIBRARY = "libc++";
				CLANG_ENABLE_MODULES = YES;
				CLANG_ENABLE_OBJC_ARC = YES;
				CLANG_WARN_BOOL_CONVERSION = YES;
				CLANG_WARN_CONSTANT_CONVERSION = YES;
				CLANG_WARN_DIRECT_OBJC_ISA_USAGE = YES_ERROR;
				CLANG_WARN_EMPTY_BODY = YES;
				CLANG_WARN_ENUM_CONVERSION = YES;
				CLANG_WARN_INT_CONVERSION = YES;
				CLANG_WARN_OBJC_ROOT_CLASS = YES_ERROR;
				CLANG_WARN_UNREACHABLE_CODE = YES;
				CLANG_WARN__DUPLICATE_METHOD_MATCH = YES;
				"CODE_SIGN_IDENTITY[sdk=iphoneos*]" = "iPhone Developer";
				COPY_PHASE_STRIP = YES;
				ENABLE_NS_ASSERTIONS = NO;
				ENABLE_STRICT_OBJC_MSGSEND = YES;
				GCC_C_LANGUAGE_STANDARD = gnu99;
				GCC_WARN_64_TO_32_BIT_CONVERSION = YES;
				GCC_WARN_ABOUT_RETURN_TYPE = YES_ERROR;
				GCC_WARN_UNDECLARED_SELECTOR = YES;
				GCC_WARN_UNINITIALIZED_AUTOS = YES_AGGRESSIVE;
				GCC_WARN_UNUSED_FUNCTION = YES;
				GCC_WARN_UNUSED_VARIABLE = YES;
				IPHONEOS_DEPLOYMENT_TARGET = 8.1;
				MTL_ENABLE_DEBUG_INFO = NO;
				SDKROOT = iphoneos;
				VALIDATE_PRODUCT = YES;
			};
			name = Release;
		};
		272327011A39D3420014323E /* Debug */ = {
			isa = XCBuildConfiguration;
			buildSettings = {
				ASSETCATALOG_COMPILER_APPICON_NAME = AppIcon;
				INFOPLIST_FILE = "Blog Reader/Info.plist";
				LD_RUNPATH_SEARCH_PATHS = "$(inherited) @executable_path/Frameworks";
				PRODUCT_NAME = "$(TARGET_NAME)";
			};
			name = Debug;
		};
		272327021A39D3420014323E /* Release */ = {
			isa = XCBuildConfiguration;
			buildSettings = {
				ASSETCATALOG_COMPILER_APPICON_NAME = AppIcon;
				INFOPLIST_FILE = "Blog Reader/Info.plist";
				LD_RUNPATH_SEARCH_PATHS = "$(inherited) @executable_path/Frameworks";
				PRODUCT_NAME = "$(TARGET_NAME)";
			};
			name = Release;
		};
		272327041A39D3420014323E /* Debug */ = {
			isa = XCBuildConfiguration;
			buildSettings = {
				BUNDLE_LOADER = "$(TEST_HOST)";
				FRAMEWORK_SEARCH_PATHS = (
					"$(SDKROOT)/Developer/Library/Frameworks",
					"$(inherited)",
				);
				GCC_PREPROCESSOR_DEFINITIONS = (
					"DEBUG=1",
					"$(inherited)",
				);
				INFOPLIST_FILE = "Blog ReaderTests/Info.plist";
				LD_RUNPATH_SEARCH_PATHS = "$(inherited) @executable_path/Frameworks @loader_path/Frameworks";
				PRODUCT_NAME = "$(TARGET_NAME)";
				TEST_HOST = "$(BUILT_PRODUCTS_DIR)/Blog Reader.app/Blog Reader";
			};
			name = Debug;
		};
		272327051A39D3420014323E /* Release */ = {
			isa = XCBuildConfiguration;
			buildSettings = {
				BUNDLE_LOADER = "$(TEST_HOST)";
				FRAMEWORK_SEARCH_PATHS = (
					"$(SDKROOT)/Developer/Library/Frameworks",
					"$(inherited)",
				);
				INFOPLIST_FILE = "Blog ReaderTests/Info.plist";
				LD_RUNPATH_SEARCH_PATHS = "$(inherited) @executable_path/Frameworks @loader_path/Frameworks";
				PRODUCT_NAME = "$(TARGET_NAME)";
				TEST_HOST = "$(BUILT_PRODUCTS_DIR)/Blog Reader.app/Blog Reader";
			};
			name = Release;
		};
/* End XCBuildConfiguration section */

/* Begin XCConfigurationList section */
		272326D81A39D3420014323E /* Build configuration list for PBXProject "Blog Reader" */ = {
			isa = XCConfigurationList;
			buildConfigurations = (
				272326FE1A39D3420014323E /* Debug */,
				272326FF1A39D3420014323E /* Release */,
			);
			defaultConfigurationIsVisible = 0;
			defaultConfigurationName = Release;
		};
		272327001A39D3420014323E /* Build configuration list for PBXNativeTarget "Blog Reader" */ = {
			isa = XCConfigurationList;
			buildConfigurations = (
				272327011A39D3420014323E /* Debug */,
				272327021A39D3420014323E /* Release */,
			);
			defaultConfigurationIsVisible = 0;
		};
		272327031A39D3420014323E /* Build configuration list for PBXNativeTarget "Blog ReaderTests" */ = {
			isa = XCConfigurationList;
			buildConfigurations = (
				272327041A39D3420014323E /* Debug */,
				272327051A39D3420014323E /* Release */,
			);
			defaultConfigurationIsVisible = 0;
		};
/* End XCConfigurationList section */
	};
	rootObject = 272326D51A39D3420014323E /* Project object */;
}
